
Microsoft Visual Studio Solution File, Format Version 12.00
# Visual Studio Version 17
VisualStudioVersion = 17.9.34622.214
MinimumVisualStudioVersion = 10.0.40219.1
Project("{FAE04EC0-301F-11D3-BF4B-00C04F79EFBC}") = "packageTask", "packageTask\packageTask.csproj", "{85C2F597-2E7A-4904-95A9-5D67633A5CD4}"
EndProject
Project("{2150E333-8FDC-42A3-9474-1A3956D46DE8}") = "Solution Items", "Solution Items", "{46F3FD72-7114-47EC-9BF6-A1AF3A7CB509}"
	ProjectSection(SolutionItems) = preProject
		.gitignore = .gitignore
	EndProjectSection
EndProject
Global
	GlobalSection(SolutionConfigurationPlatforms) = preSolution
		Debug|Any CPU = Debug|Any CPU
		Release|Any CPU = Release|Any CPU
	EndGlobalSection
	GlobalSection(ProjectConfigurationPlatforms) = postSolution
		{85C2F597-2E7A-4904-95A9-5D67633A5CD4}.Debug|Any CPU.ActiveCfg = Debug|Any CPU
		{85C2F597-2E7A-4904-95A9-5D67633A5CD4}.Debug|Any CPU.Build.0 = Debug|Any CPU
		{85C2F597-2E7A-4904-95A9-5D67633A5CD4}.Release|Any CPU.ActiveCfg = Release|Any CPU
		{85C2F597-2E7A-4904-95A9-5D67633A5CD4}.Release|Any CPU.Build.0 = Release|Any CPU
	EndGlobalSection
	GlobalSection(SolutionProperties) = preSolution
		HideSolutionNode = FALSE
	EndGlobalSection
	GlobalSection(ExtensibilityGlobals) = postSolution
		SolutionGuid = {356C8102-754B-4C1B-9681-C32A98F4F9B6}
	EndGlobalSection
EndGlobal
